
Microsoft Visual Studio Solution File, Format Version 12.00
# Visual Studio Version 17
VisualStudioVersion = 17.5.33516.290
MinimumVisualStudioVersion = 10.0.40219.1
Project("{FAE04EC0-301F-11D3-BF4B-00C04F79EFBC}") = "wf01_simplewinapp", "wf01_simplewinapp\wf01_simplewinapp.csproj", "{5358693C-C387-44F9-8F56-A9CDF266CCB7}"
EndProject
Project("{FAE04EC0-301F-11D3-BF4B-00C04F79EFBC}") = "wf02_realwinapp", "wf02_realwinapp\wf02_realwinapp.csproj", "{938564FB-F4C9-49FC-94D3-72C901867B6B}"
EndProject
Project("{FAE04EC0-301F-11D3-BF4B-00C04F79EFBC}") = "wf03_property", "wf03_property\wf03_property.csproj", "{59F99945-6E86-48E8-A267-3C5B979B2EE6}"
EndProject
Global
	GlobalSection(SolutionConfigurationPlatforms) = preSolution
		Debug|Any CPU = Debug|Any CPU
		Release|Any CPU = Release|Any CPU
	EndGlobalSection
	GlobalSection(ProjectConfigurationPlatforms) = postSolution
		{5358693C-C387-44F9-8F56-A9CDF266CCB7}.Debug|Any CPU.ActiveCfg = Debug|Any CPU
		{5358693C-C387-44F9-8F56-A9CDF266CCB7}.Debug|Any CPU.Build.0 = Debug|Any CPU
		{5358693C-C387-44F9-8F56-A9CDF266CCB7}.Release|Any CPU.ActiveCfg = Release|Any CPU
		{5358693C-C387-44F9-8F56-A9CDF266CCB7}.Release|Any CPU.Build.0 = Release|Any CPU
		{938564FB-F4C9-49FC-94D3-72C901867B6B}.Debug|Any CPU.ActiveCfg = Debug|Any CPU
		{938564FB-F4C9-49FC-94D3-72C901867B6B}.Debug|Any CPU.Build.0 = Debug|Any CPU
		{938564FB-F4C9-49FC-94D3-72C901867B6B}.Release|Any CPU.ActiveCfg = Release|Any CPU
		{938564FB-F4C9-49FC-94D3-72C901867B6B}.Release|Any CPU.Build.0 = Release|Any CPU
		{59F99945-6E86-48E8-A267-3C5B979B2EE6}.Debug|Any CPU.ActiveCfg = Debug|Any CPU
		{59F99945-6E86-48E8-A267-3C5B979B2EE6}.Debug|Any CPU.Build.0 = Debug|Any CPU
		{59F99945-6E86-48E8-A267-3C5B979B2EE6}.Release|Any CPU.ActiveCfg = Release|Any CPU
		{59F99945-6E86-48E8-A267-3C5B979B2EE6}.Release|Any CPU.Build.0 = Release|Any CPU
	EndGlobalSection
	GlobalSection(SolutionProperties) = preSolution
		HideSolutionNode = FALSE
	EndGlobalSection
	GlobalSection(ExtensibilityGlobals) = postSolution
		SolutionGuid = {7D9AC7C6-B208-43A3-B893-C5D8D3905D07}
	EndGlobalSection
EndGlobal
