
Microsoft Visual Studio Solution File, Format Version 12.00
# Visual Studio Version 17
VisualStudioVersion = 17.5.33516.290
MinimumVisualStudioVersion = 10.0.40219.1
Project("{FAE04EC0-301F-11D3-BF4B-00C04F79EFBC}") = "wf08_dbhandling", "wf08_dbhandling\wf08_dbhandling.csproj", "{C8B90B5A-41FF-4807-9D36-BE6D67E287AE}"
EndProject
Project("{FAE04EC0-301F-11D3-BF4B-00C04F79EFBC}") = "wf07_myexplorer", "wf07_myexplorer\wf07_myexplorer.csproj", "{C642B356-6628-4856-AFDC-1E27ED702573}"
EndProject
Global
	GlobalSection(SolutionConfigurationPlatforms) = preSolution
		Debug|Any CPU = Debug|Any CPU
		Release|Any CPU = Release|Any CPU
	EndGlobalSection
	GlobalSection(ProjectConfigurationPlatforms) = postSolution
		{C8B90B5A-41FF-4807-9D36-BE6D67E287AE}.Debug|Any CPU.ActiveCfg = Debug|Any CPU
		{C8B90B5A-41FF-4807-9D36-BE6D67E287AE}.Debug|Any CPU.Build.0 = Debug|Any CPU
		{C8B90B5A-41FF-4807-9D36-BE6D67E287AE}.Release|Any CPU.ActiveCfg = Release|Any CPU
		{C8B90B5A-41FF-4807-9D36-BE6D67E287AE}.Release|Any CPU.Build.0 = Release|Any CPU
		{C642B356-6628-4856-AFDC-1E27ED702573}.Debug|Any CPU.ActiveCfg = Debug|Any CPU
		{C642B356-6628-4856-AFDC-1E27ED702573}.Debug|Any CPU.Build.0 = Debug|Any CPU
		{C642B356-6628-4856-AFDC-1E27ED702573}.Release|Any CPU.ActiveCfg = Release|Any CPU
		{C642B356-6628-4856-AFDC-1E27ED702573}.Release|Any CPU.Build.0 = Release|Any CPU
	EndGlobalSection
	GlobalSection(SolutionProperties) = preSolution
		HideSolutionNode = FALSE
	EndGlobalSection
	GlobalSection(ExtensibilityGlobals) = postSolution
		SolutionGuid = {989E27CB-EA4D-4E32-A2C8-197AC42C51BE}
	EndGlobalSection
EndGlobal
