
Microsoft Visual Studio Solution File, Format Version 12.00
# Visual Studio Version 17
VisualStudioVersion = 17.5.33516.290
MinimumVisualStudioVersion = 10.0.40219.1
Project("{FAE04EC0-301F-11D3-BF4B-00C04F79EFBC}") = "wf14_winforms_thread", "wf14_winforms_thread\wf14_winforms_thread.csproj", "{1D0C31C3-5890-4D13-84A4-84E5A775F292}"
EndProject
Project("{FAE04EC0-301F-11D3-BF4B-00C04F79EFBC}") = "wf13_bookrentalshop", "wf13_bookrentalshop\wf13_bookrentalshop.csproj", "{03566319-545D-4462-98DF-A6DBCE08AC6B}"
EndProject
Global
	GlobalSection(SolutionConfigurationPlatforms) = preSolution
		Debug|Any CPU = Debug|Any CPU
		Release|Any CPU = Release|Any CPU
	EndGlobalSection
	GlobalSection(ProjectConfigurationPlatforms) = postSolution
		{1D0C31C3-5890-4D13-84A4-84E5A775F292}.Debug|Any CPU.ActiveCfg = Debug|Any CPU
		{1D0C31C3-5890-4D13-84A4-84E5A775F292}.Debug|Any CPU.Build.0 = Debug|Any CPU
		{1D0C31C3-5890-4D13-84A4-84E5A775F292}.Release|Any CPU.ActiveCfg = Release|Any CPU
		{1D0C31C3-5890-4D13-84A4-84E5A775F292}.Release|Any CPU.Build.0 = Release|Any CPU
		{03566319-545D-4462-98DF-A6DBCE08AC6B}.Debug|Any CPU.ActiveCfg = Debug|Any CPU
		{03566319-545D-4462-98DF-A6DBCE08AC6B}.Debug|Any CPU.Build.0 = Debug|Any CPU
		{03566319-545D-4462-98DF-A6DBCE08AC6B}.Release|Any CPU.ActiveCfg = Release|Any CPU
		{03566319-545D-4462-98DF-A6DBCE08AC6B}.Release|Any CPU.Build.0 = Release|Any CPU
	EndGlobalSection
	GlobalSection(SolutionProperties) = preSolution
		HideSolutionNode = FALSE
	EndGlobalSection
	GlobalSection(ExtensibilityGlobals) = postSolution
		SolutionGuid = {0D9B29EC-8D82-4FB9-8C31-39EF8B6869C9}
	EndGlobalSection
EndGlobal
