
Microsoft Visual Studio Solution File, Format Version 12.00
# Visual Studio Version 17
VisualStudioVersion = 17.5.33516.290
MinimumVisualStudioVersion = 10.0.40219.1
Project("{FAE04EC0-301F-11D3-BF4B-00C04F79EFBC}") = "number_1_app", "number_1_app\number_1_app.csproj", "{922905AE-A747-4872-866E-63D054916A9D}"
EndProject
Project("{FAE04EC0-301F-11D3-BF4B-00C04F79EFBC}") = "number_2_app", "number_2_app\number_2_app.csproj", "{E19640BD-45CA-4C15-8AC6-DAB7B60018BB}"
EndProject
Project("{FAE04EC0-301F-11D3-BF4B-00C04F79EFBC}") = "number_3_", "number_3_\number_3_.csproj", "{68BBBAA2-69C8-4548-B34A-FE44DE8DEB4C}"
EndProject
Project("{FAE04EC0-301F-11D3-BF4B-00C04F79EFBC}") = "number_4_", "number_4_\number_4_.csproj", "{C5860325-48B6-4FDC-AADF-A8BFD3643DF9}"
EndProject
Project("{FAE04EC0-301F-11D3-BF4B-00C04F79EFBC}") = "number_5_", "number_5_\number_5_.csproj", "{DEE19D01-24E7-4A24-9AA7-EBA52E41BD98}"
EndProject
Global
	GlobalSection(SolutionConfigurationPlatforms) = preSolution
		Debug|Any CPU = Debug|Any CPU
		Release|Any CPU = Release|Any CPU
	EndGlobalSection
	GlobalSection(ProjectConfigurationPlatforms) = postSolution
		{922905AE-A747-4872-866E-63D054916A9D}.Debug|Any CPU.ActiveCfg = Debug|Any CPU
		{922905AE-A747-4872-866E-63D054916A9D}.Debug|Any CPU.Build.0 = Debug|Any CPU
		{922905AE-A747-4872-866E-63D054916A9D}.Release|Any CPU.ActiveCfg = Release|Any CPU
		{922905AE-A747-4872-866E-63D054916A9D}.Release|Any CPU.Build.0 = Release|Any CPU
		{E19640BD-45CA-4C15-8AC6-DAB7B60018BB}.Debug|Any CPU.ActiveCfg = Debug|Any CPU
		{E19640BD-45CA-4C15-8AC6-DAB7B60018BB}.Debug|Any CPU.Build.0 = Debug|Any CPU
		{E19640BD-45CA-4C15-8AC6-DAB7B60018BB}.Release|Any CPU.ActiveCfg = Release|Any CPU
		{E19640BD-45CA-4C15-8AC6-DAB7B60018BB}.Release|Any CPU.Build.0 = Release|Any CPU
		{68BBBAA2-69C8-4548-B34A-FE44DE8DEB4C}.Debug|Any CPU.ActiveCfg = Debug|Any CPU
		{68BBBAA2-69C8-4548-B34A-FE44DE8DEB4C}.Debug|Any CPU.Build.0 = Debug|Any CPU
		{68BBBAA2-69C8-4548-B34A-FE44DE8DEB4C}.Release|Any CPU.ActiveCfg = Release|Any CPU
		{68BBBAA2-69C8-4548-B34A-FE44DE8DEB4C}.Release|Any CPU.Build.0 = Release|Any CPU
		{C5860325-48B6-4FDC-AADF-A8BFD3643DF9}.Debug|Any CPU.ActiveCfg = Debug|Any CPU
		{C5860325-48B6-4FDC-AADF-A8BFD3643DF9}.Debug|Any CPU.Build.0 = Debug|Any CPU
		{C5860325-48B6-4FDC-AADF-A8BFD3643DF9}.Release|Any CPU.ActiveCfg = Release|Any CPU
		{C5860325-48B6-4FDC-AADF-A8BFD3643DF9}.Release|Any CPU.Build.0 = Release|Any CPU
		{DEE19D01-24E7-4A24-9AA7-EBA52E41BD98}.Debug|Any CPU.ActiveCfg = Debug|Any CPU
		{DEE19D01-24E7-4A24-9AA7-EBA52E41BD98}.Debug|Any CPU.Build.0 = Debug|Any CPU
		{DEE19D01-24E7-4A24-9AA7-EBA52E41BD98}.Release|Any CPU.ActiveCfg = Release|Any CPU
		{DEE19D01-24E7-4A24-9AA7-EBA52E41BD98}.Release|Any CPU.Build.0 = Release|Any CPU
	EndGlobalSection
	GlobalSection(SolutionProperties) = preSolution
		HideSolutionNode = FALSE
	EndGlobalSection
	GlobalSection(ExtensibilityGlobals) = postSolution
		SolutionGuid = {732EA47C-14FA-45F3-BE07-B3EA53E7FC29}
	EndGlobalSection
EndGlobal
